
Microsoft Visual Studio Solution File, Format Version 12.00
# Visual Studio 14
VisualStudioVersion = 14.0.24720.0
MinimumVisualStudioVersion = 10.0.40219.1
Project("{FAE04EC0-301F-11D3-BF4B-00C04F79EFBC}") = "Ex04.Menus.Interfaces", "Ex04.Menus.Interfaces\Ex04.Menus.Interfaces.csproj", "{B83522FF-09D0-45B9-91FA-9B8863742B12}"
EndProject
Project("{FAE04EC0-301F-11D3-BF4B-00C04F79EFBC}") = "Ex04.Menus.Delegates", "Ex04.Menus.Delegates\Ex04.Menus.Delegates.csproj", "{ED93559E-E6BB-46FF-969C-65DD21CE035B}"
EndProject
Project("{FAE04EC0-301F-11D3-BF4B-00C04F79EFBC}") = "Ex04.Menus.Test", "Ex04.Menus.Test\Ex04.Menus.Test.csproj", "{E3AA0E9D-5197-48F2-8ED8-23FAB858D547}"
EndProject
Global
	GlobalSection(SolutionConfigurationPlatforms) = preSolution
		Debug|Any CPU = Debug|Any CPU
		Release|Any CPU = Release|Any CPU
	EndGlobalSection
	GlobalSection(ProjectConfigurationPlatforms) = postSolution
		{B83522FF-09D0-45B9-91FA-9B8863742B12}.Debug|Any CPU.ActiveCfg = Debug|Any CPU
		{B83522FF-09D0-45B9-91FA-9B8863742B12}.Debug|Any CPU.Build.0 = Debug|Any CPU
		{B83522FF-09D0-45B9-91FA-9B8863742B12}.Release|Any CPU.ActiveCfg = Release|Any CPU
		{B83522FF-09D0-45B9-91FA-9B8863742B12}.Release|Any CPU.Build.0 = Release|Any CPU
		{ED93559E-E6BB-46FF-969C-65DD21CE035B}.Debug|Any CPU.ActiveCfg = Debug|Any CPU
		{ED93559E-E6BB-46FF-969C-65DD21CE035B}.Debug|Any CPU.Build.0 = Debug|Any CPU
		{ED93559E-E6BB-46FF-969C-65DD21CE035B}.Release|Any CPU.ActiveCfg = Release|Any CPU
		{ED93559E-E6BB-46FF-969C-65DD21CE035B}.Release|Any CPU.Build.0 = Release|Any CPU
		{E3AA0E9D-5197-48F2-8ED8-23FAB858D547}.Debug|Any CPU.ActiveCfg = Debug|Any CPU
		{E3AA0E9D-5197-48F2-8ED8-23FAB858D547}.Debug|Any CPU.Build.0 = Debug|Any CPU
		{E3AA0E9D-5197-48F2-8ED8-23FAB858D547}.Release|Any CPU.ActiveCfg = Release|Any CPU
		{E3AA0E9D-5197-48F2-8ED8-23FAB858D547}.Release|Any CPU.Build.0 = Release|Any CPU
	EndGlobalSection
	GlobalSection(SolutionProperties) = preSolution
		HideSolutionNode = FALSE
	EndGlobalSection
EndGlobal
